
Microsoft Visual Studio Solution File, Format Version 12.00
# Visual Studio Version 16
VisualStudioVersion = 16.0.31321.278
MinimumVisualStudioVersion = 10.0.40219.1
Project("{FAE04EC0-301F-11D3-BF4B-00C04F79EFBC}") = "WPFproject1", "WPFproject1\WPFproject1.csproj", "{65B6962E-4941-4748-A3DA-FD039B3490E6}"
EndProject
Project("{FAE04EC0-301F-11D3-BF4B-00C04F79EFBC}") = "LibraryLib", "LibraryLib\LibraryLib.csproj", "{A0192C13-20B2-405C-96BC-4AB978748DC6}"
EndProject
Project("{FAE04EC0-301F-11D3-BF4B-00C04F79EFBC}") = "LibraryAppTests", "LibraryAppTests\LibraryAppTests.csproj", "{FDF0560F-782F-4ED7-977E-A4F672AF36BE}"
EndProject
Global
	GlobalSection(SolutionConfigurationPlatforms) = preSolution
		Debug|Any CPU = Debug|Any CPU
		Release|Any CPU = Release|Any CPU
	EndGlobalSection
	GlobalSection(ProjectConfigurationPlatforms) = postSolution
		{65B6962E-4941-4748-A3DA-FD039B3490E6}.Debug|Any CPU.ActiveCfg = Debug|Any CPU
		{65B6962E-4941-4748-A3DA-FD039B3490E6}.Debug|Any CPU.Build.0 = Debug|Any CPU
		{65B6962E-4941-4748-A3DA-FD039B3490E6}.Release|Any CPU.ActiveCfg = Release|Any CPU
		{65B6962E-4941-4748-A3DA-FD039B3490E6}.Release|Any CPU.Build.0 = Release|Any CPU
		{A0192C13-20B2-405C-96BC-4AB978748DC6}.Debug|Any CPU.ActiveCfg = Debug|Any CPU
		{A0192C13-20B2-405C-96BC-4AB978748DC6}.Debug|Any CPU.Build.0 = Debug|Any CPU
		{A0192C13-20B2-405C-96BC-4AB978748DC6}.Release|Any CPU.ActiveCfg = Release|Any CPU
		{A0192C13-20B2-405C-96BC-4AB978748DC6}.Release|Any CPU.Build.0 = Release|Any CPU
		{FDF0560F-782F-4ED7-977E-A4F672AF36BE}.Debug|Any CPU.ActiveCfg = Debug|Any CPU
		{FDF0560F-782F-4ED7-977E-A4F672AF36BE}.Debug|Any CPU.Build.0 = Debug|Any CPU
		{FDF0560F-782F-4ED7-977E-A4F672AF36BE}.Release|Any CPU.ActiveCfg = Release|Any CPU
		{FDF0560F-782F-4ED7-977E-A4F672AF36BE}.Release|Any CPU.Build.0 = Release|Any CPU
	EndGlobalSection
	GlobalSection(SolutionProperties) = preSolution
		HideSolutionNode = FALSE
	EndGlobalSection
	GlobalSection(ExtensibilityGlobals) = postSolution
		SolutionGuid = {FA39F47E-E2BA-4CF0-B433-08B2DA3EA41C}
	EndGlobalSection
EndGlobal
